
Microsoft Visual Studio Solution File, Format Version 12.00
# Visual Studio Version 17
VisualStudioVersion = 17.4.32804.182
MinimumVisualStudioVersion = 10.0.40219.1
Project("{9A19103F-16F7-4668-BE54-9A1E7A4F7556}") = "Core", "src\Core\Core.csproj", "{10E41263-C040-48F1-A193-ACCA15CBF5B9}"
EndProject
Project("{9A19103F-16F7-4668-BE54-9A1E7A4F7556}") = "Abstractions", "src\Abstractions\Abstractions.csproj", "{8F475FB3-C561-4AFC-A18E-86ACD4E54056}"
EndProject
Project("{9A19103F-16F7-4668-BE54-9A1E7A4F7556}") = "Host", "src\Host\Host.csproj", "{A68A2A81-58F1-4EAE-B8CD-2D605DAAB0E5}"
EndProject
Project("{9A19103F-16F7-4668-BE54-9A1E7A4F7556}") = "GraphQL", "src\GraphQL\GraphQL.csproj", "{82A05654-DDFD-45A9-B173-2C10B7BFE63B}"
EndProject
Project("{9A19103F-16F7-4668-BE54-9A1E7A4F7556}") = "Store.Mongo", "src\Store.Mongo\Store.Mongo.csproj", "{63078631-394C-42EB-9183-9B904EEF62B9}"
EndProject
Project("{9A19103F-16F7-4668-BE54-9A1E7A4F7556}") = "Connector.Microsoft.Graph", "src\Connector.MicrosoftGraph\Connector.Microsoft.Graph.csproj", "{5B8B7193-1617-42C7-8E56-53A4FB784C0B}"
EndProject
Project("{2150E333-8FDC-42A3-9474-1A3956D46DE8}") = ".props", ".props", "{74ACC13B-298B-4DAB-9C5C-014E391BA4FB}"
	ProjectSection(SolutionItems) = preProject
		..\..\.editorconfig = ..\..\.editorconfig
		..\Directory.Build.props = ..\Directory.Build.props
		..\Directory.Packages.props = ..\Directory.Packages.props
		..\..\global.json = ..\..\global.json
	EndProjectSection
EndProject
Project("{9A19103F-16F7-4668-BE54-9A1E7A4F7556}") = "Playground.Worker", "..\Playground\Playground.Worker\Playground.Worker.csproj", "{5596B730-2EE9-4548-AFF3-F387C9DEAD8B}"
EndProject
Project("{2150E333-8FDC-42A3-9474-1A3956D46DE8}") = "Server", "Server", "{46573F9E-AA32-413E-AE4B-2BD8DCC26304}"
EndProject
Project("{2150E333-8FDC-42A3-9474-1A3956D46DE8}") = "Playground", "Playground", "{31A4C2AA-BA2C-4939-8653-265884DF309E}"
EndProject
Project("{9A19103F-16F7-4668-BE54-9A1E7A4F7556}") = "Hosting", "src\Hosting\Hosting.csproj", "{4552F017-6CB8-4899-8CA5-7D968E53001C}"
EndProject
Project("{9A19103F-16F7-4668-BE54-9A1E7A4F7556}") = "Worker", "src\Worker\Worker.csproj", "{46065E0F-CC73-457F-82F2-8265C5AF7EF5}"
EndProject
Project("{2150E333-8FDC-42A3-9474-1A3956D46DE8}") = ".docs", ".docs", "{B083263B-A39A-49B1-A46F-6FCD7BF609D5}"
	ProjectSection(SolutionItems) = preProject
		..\..\.docs\notes.md = ..\..\.docs\notes.md
	EndProjectSection
EndProject
Project("{2150E333-8FDC-42A3-9474-1A3956D46DE8}") = "src", "src", "{AC4C6D29-3027-4147-8EF2-B0C066A855C7}"
EndProject
Project("{2150E333-8FDC-42A3-9474-1A3956D46DE8}") = "test", "test", "{8A7ABF11-0759-45D5-B661-2049F955C357}"
EndProject
Project("{FAE04EC0-301F-11D3-BF4B-00C04F79EFBC}") = "Core.Tests", "test\Core.Tests\Core.Tests.csproj", "{01D4957A-C381-43AE-B178-A5684B16A602}"
EndProject
Project("{2150E333-8FDC-42A3-9474-1A3956D46DE8}") = ".props", ".props", "{6A3BD897-206A-4DA7-A75C-ADD36EFF3B46}"
	ProjectSection(SolutionItems) = preProject
		test\Directory.Build.props = test\Directory.Build.props
	EndProjectSection
EndProject
Project("{FAE04EC0-301F-11D3-BF4B-00C04F79EFBC}") = "PaperlessNgx", "PaperlessNgx\PaperlessNgx.csproj", "{857869E2-DD0A-450A-9AFC-10BB51D25647}"
EndProject
Global
	GlobalSection(SolutionConfigurationPlatforms) = preSolution
		Debug|Any CPU = Debug|Any CPU
		Release|Any CPU = Release|Any CPU
	EndGlobalSection
	GlobalSection(ProjectConfigurationPlatforms) = postSolution
		{10E41263-C040-48F1-A193-ACCA15CBF5B9}.Debug|Any CPU.ActiveCfg = Debug|Any CPU
		{10E41263-C040-48F1-A193-ACCA15CBF5B9}.Debug|Any CPU.Build.0 = Debug|Any CPU
		{10E41263-C040-48F1-A193-ACCA15CBF5B9}.Release|Any CPU.ActiveCfg = Release|Any CPU
		{10E41263-C040-48F1-A193-ACCA15CBF5B9}.Release|Any CPU.Build.0 = Release|Any CPU
		{8F475FB3-C561-4AFC-A18E-86ACD4E54056}.Debug|Any CPU.ActiveCfg = Debug|Any CPU
		{8F475FB3-C561-4AFC-A18E-86ACD4E54056}.Debug|Any CPU.Build.0 = Debug|Any CPU
		{8F475FB3-C561-4AFC-A18E-86ACD4E54056}.Release|Any CPU.ActiveCfg = Release|Any CPU
		{8F475FB3-C561-4AFC-A18E-86ACD4E54056}.Release|Any CPU.Build.0 = Release|Any CPU
		{A68A2A81-58F1-4EAE-B8CD-2D605DAAB0E5}.Debug|Any CPU.ActiveCfg = Debug|Any CPU
		{A68A2A81-58F1-4EAE-B8CD-2D605DAAB0E5}.Debug|Any CPU.Build.0 = Debug|Any CPU
		{A68A2A81-58F1-4EAE-B8CD-2D605DAAB0E5}.Release|Any CPU.ActiveCfg = Release|Any CPU
		{A68A2A81-58F1-4EAE-B8CD-2D605DAAB0E5}.Release|Any CPU.Build.0 = Release|Any CPU
		{82A05654-DDFD-45A9-B173-2C10B7BFE63B}.Debug|Any CPU.ActiveCfg = Debug|Any CPU
		{82A05654-DDFD-45A9-B173-2C10B7BFE63B}.Debug|Any CPU.Build.0 = Debug|Any CPU
		{82A05654-DDFD-45A9-B173-2C10B7BFE63B}.Release|Any CPU.ActiveCfg = Release|Any CPU
		{82A05654-DDFD-45A9-B173-2C10B7BFE63B}.Release|Any CPU.Build.0 = Release|Any CPU
		{63078631-394C-42EB-9183-9B904EEF62B9}.Debug|Any CPU.ActiveCfg = Debug|Any CPU
		{63078631-394C-42EB-9183-9B904EEF62B9}.Debug|Any CPU.Build.0 = Debug|Any CPU
		{63078631-394C-42EB-9183-9B904EEF62B9}.Release|Any CPU.ActiveCfg = Release|Any CPU
		{63078631-394C-42EB-9183-9B904EEF62B9}.Release|Any CPU.Build.0 = Release|Any CPU
		{5B8B7193-1617-42C7-8E56-53A4FB784C0B}.Debug|Any CPU.ActiveCfg = Debug|Any CPU
		{5B8B7193-1617-42C7-8E56-53A4FB784C0B}.Debug|Any CPU.Build.0 = Debug|Any CPU
		{5B8B7193-1617-42C7-8E56-53A4FB784C0B}.Release|Any CPU.ActiveCfg = Release|Any CPU
		{5B8B7193-1617-42C7-8E56-53A4FB784C0B}.Release|Any CPU.Build.0 = Release|Any CPU
		{5596B730-2EE9-4548-AFF3-F387C9DEAD8B}.Debug|Any CPU.ActiveCfg = Debug|Any CPU
		{5596B730-2EE9-4548-AFF3-F387C9DEAD8B}.Debug|Any CPU.Build.0 = Debug|Any CPU
		{5596B730-2EE9-4548-AFF3-F387C9DEAD8B}.Release|Any CPU.ActiveCfg = Release|Any CPU
		{5596B730-2EE9-4548-AFF3-F387C9DEAD8B}.Release|Any CPU.Build.0 = Release|Any CPU
		{4552F017-6CB8-4899-8CA5-7D968E53001C}.Debug|Any CPU.ActiveCfg = Debug|Any CPU
		{4552F017-6CB8-4899-8CA5-7D968E53001C}.Debug|Any CPU.Build.0 = Debug|Any CPU
		{4552F017-6CB8-4899-8CA5-7D968E53001C}.Release|Any CPU.ActiveCfg = Release|Any CPU
		{4552F017-6CB8-4899-8CA5-7D968E53001C}.Release|Any CPU.Build.0 = Release|Any CPU
		{46065E0F-CC73-457F-82F2-8265C5AF7EF5}.Debug|Any CPU.ActiveCfg = Debug|Any CPU
		{46065E0F-CC73-457F-82F2-8265C5AF7EF5}.Debug|Any CPU.Build.0 = Debug|Any CPU
		{46065E0F-CC73-457F-82F2-8265C5AF7EF5}.Release|Any CPU.ActiveCfg = Release|Any CPU
		{46065E0F-CC73-457F-82F2-8265C5AF7EF5}.Release|Any CPU.Build.0 = Release|Any CPU
		{01D4957A-C381-43AE-B178-A5684B16A602}.Debug|Any CPU.ActiveCfg = Debug|Any CPU
		{01D4957A-C381-43AE-B178-A5684B16A602}.Debug|Any CPU.Build.0 = Debug|Any CPU
		{01D4957A-C381-43AE-B178-A5684B16A602}.Release|Any CPU.ActiveCfg = Release|Any CPU
		{01D4957A-C381-43AE-B178-A5684B16A602}.Release|Any CPU.Build.0 = Release|Any CPU
		{857869E2-DD0A-450A-9AFC-10BB51D25647}.Debug|Any CPU.ActiveCfg = Debug|Any CPU
		{857869E2-DD0A-450A-9AFC-10BB51D25647}.Debug|Any CPU.Build.0 = Debug|Any CPU
		{857869E2-DD0A-450A-9AFC-10BB51D25647}.Release|Any CPU.ActiveCfg = Release|Any CPU
		{857869E2-DD0A-450A-9AFC-10BB51D25647}.Release|Any CPU.Build.0 = Release|Any CPU
	EndGlobalSection
	GlobalSection(SolutionProperties) = preSolution
		HideSolutionNode = FALSE
	EndGlobalSection
	GlobalSection(NestedProjects) = preSolution
		{10E41263-C040-48F1-A193-ACCA15CBF5B9} = {AC4C6D29-3027-4147-8EF2-B0C066A855C7}
		{8F475FB3-C561-4AFC-A18E-86ACD4E54056} = {AC4C6D29-3027-4147-8EF2-B0C066A855C7}
		{A68A2A81-58F1-4EAE-B8CD-2D605DAAB0E5} = {AC4C6D29-3027-4147-8EF2-B0C066A855C7}
		{82A05654-DDFD-45A9-B173-2C10B7BFE63B} = {AC4C6D29-3027-4147-8EF2-B0C066A855C7}
		{63078631-394C-42EB-9183-9B904EEF62B9} = {AC4C6D29-3027-4147-8EF2-B0C066A855C7}
		{5B8B7193-1617-42C7-8E56-53A4FB784C0B} = {AC4C6D29-3027-4147-8EF2-B0C066A855C7}
		{5596B730-2EE9-4548-AFF3-F387C9DEAD8B} = {31A4C2AA-BA2C-4939-8653-265884DF309E}
		{4552F017-6CB8-4899-8CA5-7D968E53001C} = {AC4C6D29-3027-4147-8EF2-B0C066A855C7}
		{46065E0F-CC73-457F-82F2-8265C5AF7EF5} = {AC4C6D29-3027-4147-8EF2-B0C066A855C7}
		{AC4C6D29-3027-4147-8EF2-B0C066A855C7} = {46573F9E-AA32-413E-AE4B-2BD8DCC26304}
		{8A7ABF11-0759-45D5-B661-2049F955C357} = {46573F9E-AA32-413E-AE4B-2BD8DCC26304}
		{01D4957A-C381-43AE-B178-A5684B16A602} = {8A7ABF11-0759-45D5-B661-2049F955C357}
		{6A3BD897-206A-4DA7-A75C-ADD36EFF3B46} = {8A7ABF11-0759-45D5-B661-2049F955C357}
		{857869E2-DD0A-450A-9AFC-10BB51D25647} = {AC4C6D29-3027-4147-8EF2-B0C066A855C7}
	EndGlobalSection
	GlobalSection(ExtensibilityGlobals) = postSolution
		SolutionGuid = {8C0CF317-4734-47FC-862B-EF48BB12753A}
	EndGlobalSection
EndGlobal
