Microsoft Visual Studio Solution File, Format Version 12.00
# Visual Studio Version 17
VisualStudioVersion = 17.0.31717.71
MinimumVisualStudioVersion = 10.0.40219.1
Project("{9A19103F-16F7-4668-BE54-9A1E7A4F7556}") = "UI", "src\UI.csproj", "{C98BA734-9AA3-4BE9-980C-2589ABAFD559}"
EndProject
Global
	GlobalSection(SolutionConfigurationPlatforms) = preSolution
		Debug|Any CPU = Debug|Any CPU
		Release|Any CPU = Release|Any CPU
	EndGlobalSection
	GlobalSection(ProjectConfigurationPlatforms) = postSolution
		{C98BA734-9AA3-4BE9-980C-2589ABAFD559}.Debug|Any CPU.ActiveCfg = Debug|Any CPU
		{C98BA734-9AA3-4BE9-980C-2589ABAFD559}.Debug|Any CPU.Build.0 = Debug|Any CPU
		{C98BA734-9AA3-4BE9-980C-2589ABAFD559}.Release|Any CPU.ActiveCfg = Release|Any CPU
		{C98BA734-9AA3-4BE9-980C-2589ABAFD559}.Release|Any CPU.Build.0 = Release|Any CPU
	EndGlobalSection
	GlobalSection(SolutionProperties) = preSolution
		HideSolutionNode = FALSE
	EndGlobalSection
	GlobalSection(ExtensibilityGlobals) = postSolution
		SolutionGuid = {86C3C0CE-664E-43BD-9E12-D864A749DE14}
	EndGlobalSection
EndGlobal
